// !$*UTF8*$!
{
	archiveVersion = 1;
	classes = {
	};
	objectVersion = 56;
	objects = {

/* Begin PBXBuildFile section */
		BA47ED2F2F31E1FC00999865 /* HabitTrackerApp.swift in Sources */ = {isa = PBXBuildFile; fileRef = BA47ED2E2F31E1FC00999865 /* HabitTrackerApp.swift */; };
		BA47ED312F31E1FC00999865 /* WelcomeView.swift in Sources */ = {isa = PBXBuildFile; fileRef = BA47ED302F31E1FC00999865 /* WelcomeView.swift */; };
		BA47ED332F31E1FC00999865 /* Item.swift in Sources */ = {isa = PBXBuildFile; fileRef = BA47ED322F31E1FC00999865 /* Item.swift */; };
		BA47ED352F31E1FD00999865 /* Assets.xcassets in Resources */ = {isa = PBXBuildFile; fileRef = BA47ED342F31E1FD00999865 /* Assets.xcassets */; };
		BA47ED382F31E1FD00999865 /* Preview Assets.xcassets in Resources */ = {isa = PBXBuildFile; fileRef = BA47ED372F31E1FD00999865 /* Preview Assets.xcassets */; };
		BA47ED422F31E1FD00999865 /* HabitTrackerTests.swift in Sources */ = {isa = PBXBuildFile; fileRef = BA47ED412F31E1FD00999865 /* HabitTrackerTests.swift */; };
		BA47ED4C2F31E1FD00999865 /* HabitTrackerUITests.swift in Sources */ = {isa = PBXBuildFile; fileRef = BA47ED4B2F31E1FD00999865 /* HabitTrackerUITests.swift */; };
		BA47ED4E2F31E1FD00999865 /* HabitTrackerUITestsLaunchTests.swift in Sources */ = {isa = PBXBuildFile; fileRef = BA47ED4D2F31E1FD00999865 /* HabitTrackerUITestsLaunchTests.swift */; };
		BADE2F8C2F32A6B300027F72 /* HabitListView.swift in Sources */ = {isa = PBXBuildFile; fileRef = BADE2F8B2F32A6B300027F72 /* HabitListView.swift */; };
		BADE2F8D2F32A6B300027F72 /* HabitListView.swift in Sources */ = {isa = PBXBuildFile; fileRef = BADE2F8B2F32A6B300027F72 /* HabitListView.swift */; };
		BADE2F8E2F32A6B300027F72 /* HabitListView.swift in Sources */ = {isa = PBXBuildFile; fileRef = BADE2F8B2F32A6B300027F72 /* HabitListView.swift */; };
/* End PBXBuildFile section */

/* Begin PBXContainerItemProxy section */
		BA47ED3E2F31E1FD00999865 /* PBXContainerItemProxy */ = {
			isa = PBXContainerItemProxy;
			containerPortal = BA47ED232F31E1FC00999865 /* Project object */;
			proxyType = 1;
			remoteGlobalIDString = BA47ED2A2F31E1FC00999865;
			remoteInfo = HabitTracker;
		};
		BA47ED482F31E1FD00999865 /* PBXContainerItemProxy */ = {
			isa = PBXContainerItemProxy;
			containerPortal = BA47ED232F31E1FC00999865 /* Project object */;
			proxyType = 1;
			remoteGlobalIDString = BA47ED2A2F31E1FC00999865;
			remoteInfo = HabitTracker;
		};
/* End PBXContainerItemProxy section */

/* Begin PBXFileReference section */
		BA47ED2B2F31E1FC00999865 /* HabitTracker.app */ = {isa = PBXFileReference; explicitFileType = wrapper.application; includeInIndex = 0; path = HabitTracker.app; sourceTree = BUILT_PRODUCTS_DIR; };
		BA47ED2E2F31E1FC00999865 /* HabitTrackerApp.swift */ = {isa = PBXFileReference; lastKnownFileType = sourcecode.swift; path = HabitTrackerApp.swift; sourceTree = "<group>"; };
		BA47ED302F31E1FC00999865 /* WelcomeView.swift */ = {isa = PBXFileReference; lastKnownFileType = sourcecode.swift; path = WelcomeView.swift; sourceTree = "<group>"; };
		BA47ED322F31E1FC00999865 /* Item.swift */ = {isa = PBXFileReference; lastKnownFileType = sourcecode.swift; path = Item.swift; sourceTree = "<group>"; };
		BA47ED342F31E1FD00999865 /* Assets.xcassets */ = {isa = PBXFileReference; lastKnownFileType = folder.assetcatalog; path = Assets.xcassets; sourceTree = "<group>"; };
		BA47ED372F31E1FD00999865 /* Preview Assets.xcassets */ = {isa = PBXFileReference; lastKnownFileType = folder.assetcatalog; path = "Preview Assets.xcassets"; sourceTree = "<group>"; };
		BA47ED3D2F31E1FD00999865 /* HabitTrackerTests.xctest */ = {isa = PBXFileReference; explicitFileType = wrapper.cfbundle; includeInIndex = 0; path = HabitTrackerTests.xctest; sourceTree = BUILT_PRODUCTS_DIR; };
		BA47ED412F31E1FD00999865 /* HabitTrackerTests.swift */ = {isa = PBXFileReference; lastKnownFileType = sourcecode.swift; path = HabitTrackerTests.swift; sourceTree = "<group>"; };
		BA47ED472F31E1FD00999865 /* HabitTrackerUITests.xctest */ = {isa = PBXFileReference; explicitFileType = wrapper.cfbundle; includeInIndex = 0; path = HabitTrackerUITests.xctest; sourceTree = BUILT_PRODUCTS_DIR; };
		BA47ED4B2F31E1FD00999865 /* HabitTrackerUITests.swift */ = {isa = PBXFileReference; lastKnownFileType = sourcecode.swift; path = HabitTrackerUITests.swift; sourceTree = "<group>"; };
		BA47ED4D2F31E1FD00999865 /* HabitTrackerUITestsLaunchTests.swift */ = {isa = PBXFileReference; lastKnownFileType = sourcecode.swift; path = HabitTrackerUITestsLaunchTests.swift; sourceTree = "<group>"; };
		BADE2F8B2F32A6B300027F72 /* HabitListView.swift */ = {isa = PBXFileReference; lastKnownFileType = sourcecode.swift; path = HabitListView.swift; sourceTree = "<group>"; };
/* End PBXFileReference section */

/* Begin PBXFrameworksBuildPhase section */
		BA47ED282F31E1FC00999865 /* Frameworks */ = {
			isa = PBXFrameworksBuildPhase;
			buildActionMask = 2147483647;
			files = (
			);
			runOnlyForDeploymentPostprocessing = 0;
		};
		BA47ED3A2F31E1FD00999865 /* Frameworks */ = {
			isa = PBXFrameworksBuildPhase;
			buildActionMask = 2147483647;
			files = (
			);
			runOnlyForDeploymentPostprocessing = 0;
		};
		BA47ED442F31E1FD00999865 /* Frameworks */ = {
			isa = PBXFrameworksBuildPhase;
			buildActionMask = 2147483647;
			files = (
			);
			runOnlyForDeploymentPostprocessing = 0;
		};
/* End PBXFrameworksBuildPhase section */

/* Begin PBXGroup section */
		BA47ED222F31E1FC00999865 = {
			isa = PBXGroup;
			children = (
				BA47ED2D2F31E1FC00999865 /* HabitTracker */,
				BA47ED402F31E1FD00999865 /* HabitTrackerTests */,
				BA47ED4A2F31E1FD00999865 /* HabitTrackerUITests */,
				BA47ED2C2F31E1FC00999865 /* Products */,
			);
			sourceTree = "<group>";
		};
		BA47ED2C2F31E1FC00999865 /* Products */ = {
			isa = PBXGroup;
			children = (
				BA47ED2B2F31E1FC00999865 /* HabitTracker.app */,
				BA47ED3D2F31E1FD00999865 /* HabitTrackerTests.xctest */,
				BA47ED472F31E1FD00999865 /* HabitTrackerUITests.xctest */,
			);
			name = Products;
			sourceTree = "<group>";
		};
		BA47ED2D2F31E1FC00999865 /* HabitTracker */ = {
			isa = PBXGroup;
			children = (
				BA47ED2E2F31E1FC00999865 /* HabitTrackerApp.swift */,
				BADE2F8B2F32A6B300027F72 /* HabitListView.swift */,
				BA47ED302F31E1FC00999865 /* WelcomeView.swift */,
				BA47ED322F31E1FC00999865 /* Item.swift */,
				BA47ED342F31E1FD00999865 /* Assets.xcassets */,
				BA47ED362F31E1FD00999865 /* Preview Content */,
			);
			path = HabitTracker;
			sourceTree = "<group>";
		};
		BA47ED362F31E1FD00999865 /* Preview Content */ = {
			isa = PBXGroup;
			children = (
				BA47ED372F31E1FD00999865 /* Preview Assets.xcassets */,
			);
			path = "Preview Content";
			sourceTree = "<group>";
		};
		BA47ED402F31E1FD00999865 /* HabitTrackerTests */ = {
			isa = PBXGroup;
			children = (
				BA47ED412F31E1FD00999865 /* HabitTrackerTests.swift */,
			);
			path = HabitTrackerTests;
			sourceTree = "<group>";
		};
		BA47ED4A2F31E1FD00999865 /* HabitTrackerUITests */ = {
			isa = PBXGroup;
			children = (
				BA47ED4B2F31E1FD00999865 /* HabitTrackerUITests.swift */,
				BA47ED4D2F31E1FD00999865 /* HabitTrackerUITestsLaunchTests.swift */,
			);
			path = HabitTrackerUITests;
			sourceTree = "<group>";
		};
/* End PBXGroup section */

/* Begin PBXNativeTarget section */
		BA47ED2A2F31E1FC00999865 /* HabitTracker */ = {
			isa = PBXNativeTarget;
			buildConfigurationList = BA47ED512F31E1FD00999865 /* Build configuration list for PBXNativeTarget "HabitTracker" */;
			buildPhases = (
				BA47ED272F31E1FC00999865 /* Sources */,
				BA47ED282F31E1FC00999865 /* Frameworks */,
				BA47ED292F31E1FC00999865 /* Resources */,
			);
			buildRules = (
			);
			dependencies = (
			);
			name = HabitTracker;
			productName = HabitTracker;
			productReference = BA47ED2B2F31E1FC00999865 /* HabitTracker.app */;
			productType = "com.apple.product-type.application";
		};
		BA47ED3C2F31E1FD00999865 /* HabitTrackerTests */ = {
			isa = PBXNativeTarget;
			buildConfigurationList = BA47ED542F31E1FD00999865 /* Build configuration list for PBXNativeTarget "HabitTrackerTests" */;
			buildPhases = (
				BA47ED392F31E1FD00999865 /* Sources */,
				BA47ED3A2F31E1FD00999865 /* Frameworks */,
				BA47ED3B2F31E1FD00999865 /* Resources */,
			);
			buildRules = (
			);
			dependencies = (
				BA47ED3F2F31E1FD00999865 /* PBXTargetDependency */,
			);
			name = HabitTrackerTests;
			productName = HabitTrackerTests;
			productReference = BA47ED3D2F31E1FD00999865 /* HabitTrackerTests.xctest */;
			productType = "com.apple.product-type.bundle.unit-test";
		};
		BA47ED462F31E1FD00999865 /* HabitTrackerUITests */ = {
			isa = PBXNativeTarget;
			buildConfigurationList = BA47ED572F31E1FD00999865 /* Build configuration list for PBXNativeTarget "HabitTrackerUITests" */;
			buildPhases = (
				BA47ED432F31E1FD00999865 /* Sources */,
				BA47ED442F31E1FD00999865 /* Frameworks */,
				BA47ED452F31E1FD00999865 /* Resources */,
			);
			buildRules = (
			);
			dependencies = (
				BA47ED492F31E1FD00999865 /* PBXTargetDependency */,
			);
			name = HabitTrackerUITests;
			productName = HabitTrackerUITests;
			productReference = BA47ED472F31E1FD00999865 /* HabitTrackerUITests.xctest */;
			productType = "com.apple.product-type.bundle.ui-testing";
		};
/* End PBXNativeTarget section */

/* Begin PBXProject section */
		BA47ED232F31E1FC00999865 /* Project object */ = {
			isa = PBXProject;
			attributes = {
				BuildIndependentTargetsInParallel = 1;
				LastSwiftUpdateCheck = 1540;
				LastUpgradeCheck = 1540;
				TargetAttributes = {
					BA47ED2A2F31E1FC00999865 = {
						CreatedOnToolsVersion = 15.4;
					};
					BA47ED3C2F31E1FD00999865 = {
						CreatedOnToolsVersion = 15.4;
						TestTargetID = BA47ED2A2F31E1FC00999865;
					};
					BA47ED462F31E1FD00999865 = {
						CreatedOnToolsVersion = 15.4;
						TestTargetID = BA47ED2A2F31E1FC00999865;
					};
				};
			};
			buildConfigurationList = BA47ED262F31E1FC00999865 /* Build configuration list for PBXProject "HabitTracker" */;
			compatibilityVersion = "Xcode 14.0";
			developmentRegion = en;
			hasScannedForEncodings = 0;
			knownRegions = (
				en,
				Base,
			);
			mainGroup = BA47ED222F31E1FC00999865;
			productRefGroup = BA47ED2C2F31E1FC00999865 /* Products */;
			projectDirPath = "";
			projectRoot = "";
			targets = (
				BA47ED2A2F31E1FC00999865 /* HabitTracker */,
				BA47ED3C2F31E1FD00999865 /* HabitTrackerTests */,
				BA47ED462F31E1FD00999865 /* HabitTrackerUITests */,
			);
		};
/* End PBXProject section */

/* Begin PBXResourcesBuildPhase section */
		BA47ED292F31E1FC00999865 /* Resources */ = {
			isa = PBXResourcesBuildPhase;
			buildActionMask = 2147483647;
			files = (
				BA47ED382F31E1FD00999865 /* Preview Assets.xcassets in Resources */,
				BA47ED352F31E1FD00999865 /* Assets.xcassets in Resources */,
			);
			runOnlyForDeploymentPostprocessing = 0;
		};
		BA47ED3B2F31E1FD00999865 /* Resources */ = {
			isa = PBXResourcesBuildPhase;
			buildActionMask = 2147483647;
			files = (
			);
			runOnlyForDeploymentPostprocessing = 0;
		};
		BA47ED452F31E1FD00999865 /* Resources */ = {
			isa = PBXResourcesBuildPhase;
			buildActionMask = 2147483647;
			files = (
			);
			runOnlyForDeploymentPostprocessing = 0;
		};
/* End PBXResourcesBuildPhase section */

/* Begin PBXSourcesBuildPhase section */
		BA47ED272F31E1FC00999865 /* Sources */ = {
			isa = PBXSourcesBuildPhase;
			buildActionMask = 2147483647;
			files = (
				BA47ED312F31E1FC00999865 /* WelcomeView.swift in Sources */,
				BADE2F8C2F32A6B300027F72 /* HabitListView.swift in Sources */,
				BA47ED332F31E1FC00999865 /* Item.swift in Sources */,
				BA47ED2F2F31E1FC00999865 /* HabitTrackerApp.swift in Sources */,
			);
			runOnlyForDeploymentPostprocessing = 0;
		};
		BA47ED392F31E1FD00999865 /* Sources */ = {
			isa = PBXSourcesBuildPhase;
			buildActionMask = 2147483647;
			files = (
				BA47ED422F31E1FD00999865 /* HabitTrackerTests.swift in Sources */,
				BADE2F8D2F32A6B300027F72 /* HabitListView.swift in Sources */,
			);
			runOnlyForDeploymentPostprocessing = 0;
		};
		BA47ED432F31E1FD00999865 /* Sources */ = {
			isa = PBXSourcesBuildPhase;
			buildActionMask = 2147483647;
			files = (
				BADE2F8E2F32A6B300027F72 /* HabitListView.swift in Sources */,
				BA47ED4E2F31E1FD00999865 /* HabitTrackerUITestsLaunchTests.swift in Sources */,
				BA47ED4C2F31E1FD00999865 /* HabitTrackerUITests.swift in Sources */,
			);
			runOnlyForDeploymentPostprocessing = 0;
		};
/* End PBXSourcesBuildPhase section */

/* Begin PBXTargetDependency section */
		BA47ED3F2F31E1FD00999865 /* PBXTargetDependency */ = {
			isa = PBXTargetDependency;
			target = BA47ED2A2F31E1FC00999865 /* HabitTracker */;
			targetProxy = BA47ED3E2F31E1FD00999865 /* PBXContainerItemProxy */;
		};
		BA47ED492F31E1FD00999865 /* PBXTargetDependency */ = {
			isa = PBXTargetDependency;
			target = BA47ED2A2F31E1FC00999865 /* HabitTracker */;
			targetProxy = BA47ED482F31E1FD00999865 /* PBXContainerItemProxy */;
		};
/* End PBXTargetDependency section */

/* Begin XCBuildConfiguration section */
		BA47ED4F2F31E1FD00999865 /* Debug */ = {
			isa = XCBuildConfiguration;
			buildSettings = {
				ALWAYS_SEARCH_USER_PATHS = NO;
				ASSETCATALOG_COMPILER_GENERATE_SWIFT_ASSET_SYMBOL_EXTENSIONS = YES;
				CLANG_ANALYZER_NONNULL = YES;
				CLANG_ANALYZER_NUMBER_OBJECT_CONVERSION = YES_AGGRESSIVE;
				CLANG_CXX_LANGUAGE_STANDARD = "gnu++20";
				CLANG_ENABLE_MODULES = YES;
				CLANG_ENABLE_OBJC_ARC = YES;
				CLANG_ENABLE_OBJC_WEAK = YES;
				CLANG_WARN_BLOCK_CAPTURE_AUTORELEASING = YES;
				CLANG_WARN_BOOL_CONVERSION = YES;
				CLANG_WARN_COMMA = YES;
				CLANG_WARN_CONSTANT_CONVERSION = YES;
				CLANG_WARN_DEPRECATED_OBJC_IMPLEMENTATIONS = YES;
				CLANG_WARN_DIRECT_OBJC_ISA_USAGE = YES_ERROR;
				CLANG_WARN_DOCUMENTATION_COMMENTS = YES;
				CLANG_WARN_EMPTY_BODY = YES;
				CLANG_WARN_ENUM_CONVERSION = YES;
				CLANG_WARN_INFINITE_RECURSION = YES;
				CLANG_WARN_INT_CONVERSION = YES;
				CLANG_WARN_NON_LITERAL_NULL_CONVERSION = YES;
				CLANG_WARN_OBJC_IMPLICIT_RETAIN_SELF = YES;
				CLANG_WARN_OBJC_LITERAL_CONVERSION = YES;
				CLANG_WARN_OBJC_ROOT_CLASS = YES_ERROR;
				CLANG_WARN_QUOTED_INCLUDE_IN_FRAMEWORK_HEADER = YES;
				CLANG_WARN_RANGE_LOOP_ANALYSIS = YES;
				CLANG_WARN_STRICT_PROTOTYPES = YES;
				CLANG_WARN_SUSPICIOUS_MOVE = YES;
				CLANG_WARN_UNGUARDED_AVAILABILITY = YES_AGGRESSIVE;
				CLANG_WARN_UNREACHABLE_CODE = YES;
				CLANG_WARN__DUPLICATE_METHOD_MATCH = YES;
				COPY_PHASE_STRIP = NO;
				DEBUG_INFORMATION_FORMAT = dwarf;
				ENABLE_STRICT_OBJC_MSGSEND = YES;
				ENABLE_TESTABILITY = YES;
				ENABLE_USER_SCRIPT_SANDBOXING = YES;
				GCC_C_LANGUAGE_STANDARD = gnu17;
				GCC_DYNAMIC_NO_PIC = NO;
				GCC_NO_COMMON_BLOCKS = YES;
				GCC_OPTIMIZATION_LEVEL = 0;
				GCC_PREPROCESSOR_DEFINITIONS = (
					"DEBUG=1",
					"$(inherited)",
				);
				GCC_WARN_64_TO_32_BIT_CONVERSION = YES;
				GCC_WARN_ABOUT_RETURN_TYPE = YES_ERROR;
				GCC_WARN_UNDECLARED_SELECTOR = YES;
				GCC_WARN_UNINITIALIZED_AUTOS = YES_AGGRESSIVE;
				GCC_WARN_UNUSED_FUNCTION = YES;
				GCC_WARN_UNUSED_VARIABLE = YES;
				IPHONEOS_DEPLOYMENT_TARGET = 17.5;
				LOCALIZATION_PREFERS_STRING_CATALOGS = YES;
				MTL_ENABLE_DEBUG_INFO = INCLUDE_SOURCE;
				MTL_FAST_MATH = YES;
				ONLY_ACTIVE_ARCH = YES;
				SDKROOT = iphoneos;
				SWIFT_ACTIVE_COMPILATION_CONDITIONS = "DEBUG $(inherited)";
				SWIFT_OPTIMIZATION_LEVEL = "-Onone";
			};
			name = Debug;
		};
		BA47ED502F31E1FD00999865 /* Release */ = {
			isa = XCBuildConfiguration;
			buildSettings = {
				ALWAYS_SEARCH_USER_PATHS = NO;
				ASSETCATALOG_COMPILER_GENERATE_SWIFT_ASSET_SYMBOL_EXTENSIONS = YES;
				CLANG_ANALYZER_NONNULL = YES;
				CLANG_ANALYZER_NUMBER_OBJECT_CONVERSION = YES_AGGRESSIVE;
				CLANG_CXX_LANGUAGE_STANDARD = "gnu++20";
				CLANG_ENABLE_MODULES = YES;
				CLANG_ENABLE_OBJC_ARC = YES;
				CLANG_ENABLE_OBJC_WEAK = YES;
				CLANG_WARN_BLOCK_CAPTURE_AUTORELEASING = YES;
				CLANG_WARN_BOOL_CONVERSION = YES;
				CLANG_WARN_COMMA = YES;
				CLANG_WARN_CONSTANT_CONVERSION = YES;
				CLANG_WARN_DEPRECATED_OBJC_IMPLEMENTATIONS = YES;
				CLANG_WARN_DIRECT_OBJC_ISA_USAGE = YES_ERROR;
				CLANG_WARN_DOCUMENTATION_COMMENTS = YES;
				CLANG_WARN_EMPTY_BODY = YES;
				CLANG_WARN_ENUM_CONVERSION = YES;
				CLANG_WARN_INFINITE_RECURSION = YES;
				CLANG_WARN_INT_CONVERSION = YES;
				CLANG_WARN_NON_LITERAL_NULL_CONVERSION = YES;
				CLANG_WARN_OBJC_IMPLICIT_RETAIN_SELF = YES;
				CLANG_WARN_OBJC_LITERAL_CONVERSION = YES;
				CLANG_WARN_OBJC_ROOT_CLASS = YES_ERROR;
				CLANG_WARN_QUOTED_INCLUDE_IN_FRAMEWORK_HEADER = YES;
				CLANG_WARN_RANGE_LOOP_ANALYSIS = YES;
				CLANG_WARN_STRICT_PROTOTYPES = YES;
				CLANG_WARN_SUSPICIOUS_MOVE = YES;
				CLANG_WARN_UNGUARDED_AVAILABILITY = YES_AGGRESSIVE;
				CLANG_WARN_UNREACHABLE_CODE = YES;
				CLANG_WARN__DUPLICATE_METHOD_MATCH = YES;
				COPY_PHASE_STRIP = NO;
				DEBUG_INFORMATION_FORMAT = "dwarf-with-dsym";
				ENABLE_NS_ASSERTIONS = NO;
				ENABLE_STRICT_OBJC_MSGSEND = YES;
				ENABLE_USER_SCRIPT_SANDBOXING = YES;
				GCC_C_LANGUAGE_STANDARD = gnu17;
				GCC_NO_COMMON_BLOCKS = YES;
				GCC_WARN_64_TO_32_BIT_CONVERSION = YES;
				GCC_WARN_ABOUT_RETURN_TYPE = YES_ERROR;
				GCC_WARN_UNDECLARED_SELECTOR = YES;
				GCC_WARN_UNINITIALIZED_AUTOS = YES_AGGRESSIVE;
				GCC_WARN_UNUSED_FUNCTION = YES;
				GCC_WARN_UNUSED_VARIABLE = YES;
				IPHONEOS_DEPLOYMENT_TARGET = 17.5;
				LOCALIZATION_PREFERS_STRING_CATALOGS = YES;
				MTL_ENABLE_DEBUG_INFO = NO;
				MTL_FAST_MATH = YES;
				SDKROOT = iphoneos;
				SWIFT_COMPILATION_MODE = wholemodule;
				VALIDATE_PRODUCT = YES;
			};
			name = Release;
		};
		BA47ED522F31E1FD00999865 /* Debug */ = {
			isa = XCBuildConfiguration;
			buildSettings = {
				ASSETCATALOG_COMPILER_APPICON_NAME = AppIcon;
				ASSETCATALOG_COMPILER_GLOBAL_ACCENT_COLOR_NAME = AccentColor;
				CODE_SIGN_STYLE = Automatic;
				CURRENT_PROJECT_VERSION = 1;
				DEVELOPMENT_ASSET_PATHS = "\"HabitTracker/Preview Content\"";
				ENABLE_PREVIEWS = YES;
				GENERATE_INFOPLIST_FILE = YES;
				INFOPLIST_KEY_UIApplicationSceneManifest_Generation = YES;
				INFOPLIST_KEY_UIApplicationSupportsIndirectInputEvents = YES;
				INFOPLIST_KEY_UILaunchScreen_Generation = YES;
				INFOPLIST_KEY_UISupportedInterfaceOrientations_iPad = "UIInterfaceOrientationPortrait UIInterfaceOrientationPortraitUpsideDown UIInterfaceOrientationLandscapeLeft UIInterfaceOrientationLandscapeRight";
				INFOPLIST_KEY_UISupportedInterfaceOrientations_iPhone = "UIInterfaceOrientationPortrait UIInterfaceOrientationLandscapeLeft UIInterfaceOrientationLandscapeRight";
				LD_RUNPATH_SEARCH_PATHS = (
					"$(inherited)",
					"@executable_path/Frameworks",
				);
				MARKETING_VERSION = 1.0;
				PRODUCT_BUNDLE_IDENTIFIER = com.giykim.HabitTracker;
				PRODUCT_NAME = "$(TARGET_NAME)";
				SWIFT_EMIT_LOC_STRINGS = YES;
				SWIFT_VERSION = 5.0;
				TARGETED_DEVICE_FAMILY = "1,2";
			};
			name = Debug;
		};
		BA47ED532F31E1FD00999865 /* Release */ = {
			isa = XCBuildConfiguration;
			buildSettings = {
				ASSETCATALOG_COMPILER_APPICON_NAME = AppIcon;
				ASSETCATALOG_COMPILER_GLOBAL_ACCENT_COLOR_NAME = AccentColor;
				CODE_SIGN_STYLE = Automatic;
				CURRENT_PROJECT_VERSION = 1;
				DEVELOPMENT_ASSET_PATHS = "\"HabitTracker/Preview Content\"";
				ENABLE_PREVIEWS = YES;
				GENERATE_INFOPLIST_FILE = YES;
				INFOPLIST_KEY_UIApplicationSceneManifest_Generation = YES;
				INFOPLIST_KEY_UIApplicationSupportsIndirectInputEvents = YES;
				INFOPLIST_KEY_UILaunchScreen_Generation = YES;
				INFOPLIST_KEY_UISupportedInterfaceOrientations_iPad = "UIInterfaceOrientationPortrait UIInterfaceOrientationPortraitUpsideDown UIInterfaceOrientationLandscapeLeft UIInterfaceOrientationLandscapeRight";
				INFOPLIST_KEY_UISupportedInterfaceOrientations_iPhone = "UIInterfaceOrientationPortrait UIInterfaceOrientationLandscapeLeft UIInterfaceOrientationLandscapeRight";
				LD_RUNPATH_SEARCH_PATHS = (
					"$(inherited)",
					"@executable_path/Frameworks",
				);
				MARKETING_VERSION = 1.0;
				PRODUCT_BUNDLE_IDENTIFIER = com.giykim.HabitTracker;
				PRODUCT_NAME = "$(TARGET_NAME)";
				SWIFT_EMIT_LOC_STRINGS = YES;
				SWIFT_VERSION = 5.0;
				TARGETED_DEVICE_FAMILY = "1,2";
			};
			name = Release;
		};
		BA47ED552F31E1FD00999865 /* Debug */ = {
			isa = XCBuildConfiguration;
			buildSettings = {
				ALWAYS_EMBED_SWIFT_STANDARD_LIBRARIES = YES;
				BUNDLE_LOADER = "$(TEST_HOST)";
				CODE_SIGN_STYLE = Automatic;
				CURRENT_PROJECT_VERSION = 1;
				GENERATE_INFOPLIST_FILE = YES;
				IPHONEOS_DEPLOYMENT_TARGET = 17.5;
				MARKETING_VERSION = 1.0;
				PRODUCT_BUNDLE_IDENTIFIER = com.giykim.HabitTrackerTests;
				PRODUCT_NAME = "$(TARGET_NAME)";
				SWIFT_EMIT_LOC_STRINGS = NO;
				SWIFT_VERSION = 5.0;
				TARGETED_DEVICE_FAMILY = "1,2";
				TEST_HOST = "$(BUILT_PRODUCTS_DIR)/HabitTracker.app/$(BUNDLE_EXECUTABLE_FOLDER_PATH)/HabitTracker";
			};
			name = Debug;
		};
		BA47ED562F31E1FD00999865 /* Release */ = {
			isa = XCBuildConfiguration;
			buildSettings = {
				ALWAYS_EMBED_SWIFT_STANDARD_LIBRARIES = YES;
				BUNDLE_LOADER = "$(TEST_HOST)";
				CODE_SIGN_STYLE = Automatic;
				CURRENT_PROJECT_VERSION = 1;
				GENERATE_INFOPLIST_FILE = YES;
				IPHONEOS_DEPLOYMENT_TARGET = 17.5;
				MARKETING_VERSION = 1.0;
				PRODUCT_BUNDLE_IDENTIFIER = com.giykim.HabitTrackerTests;
				PRODUCT_NAME = "$(TARGET_NAME)";
				SWIFT_EMIT_LOC_STRINGS = NO;
				SWIFT_VERSION = 5.0;
				TARGETED_DEVICE_FAMILY = "1,2";
				TEST_HOST = "$(BUILT_PRODUCTS_DIR)/HabitTracker.app/$(BUNDLE_EXECUTABLE_FOLDER_PATH)/HabitTracker";
			};
			name = Release;
		};
		BA47ED582F31E1FD00999865 /* Debug */ = {
			isa = XCBuildConfiguration;
			buildSettings = {
				ALWAYS_EMBED_SWIFT_STANDARD_LIBRARIES = YES;
				CODE_SIGN_STYLE = Automatic;
				CURRENT_PROJECT_VERSION = 1;
				GENERATE_INFOPLIST_FILE = YES;
				MARKETING_VERSION = 1.0;
				PRODUCT_BUNDLE_IDENTIFIER = com.giykim.HabitTrackerUITests;
				PRODUCT_NAME = "$(TARGET_NAME)";
				SWIFT_EMIT_LOC_STRINGS = NO;
				SWIFT_VERSION = 5.0;
				TARGETED_DEVICE_FAMILY = "1,2";
				TEST_TARGET_NAME = HabitTracker;
			};
			name = Debug;
		};
		BA47ED592F31E1FD00999865 /* Release */ = {
			isa = XCBuildConfiguration;
			buildSettings = {
				ALWAYS_EMBED_SWIFT_STANDARD_LIBRARIES = YES;
				CODE_SIGN_STYLE = Automatic;
				CURRENT_PROJECT_VERSION = 1;
				GENERATE_INFOPLIST_FILE = YES;
				MARKETING_VERSION = 1.0;
				PRODUCT_BUNDLE_IDENTIFIER = com.giykim.HabitTrackerUITests;
				PRODUCT_NAME = "$(TARGET_NAME)";
				SWIFT_EMIT_LOC_STRINGS = NO;
				SWIFT_VERSION = 5.0;
				TARGETED_DEVICE_FAMILY = "1,2";
				TEST_TARGET_NAME = HabitTracker;
			};
			name = Release;
		};
/* End XCBuildConfiguration section */

/* Begin XCConfigurationList section */
		BA47ED262F31E1FC00999865 /* Build configuration list for PBXProject "HabitTracker" */ = {
			isa = XCConfigurationList;
			buildConfigurations = (
				BA47ED4F2F31E1FD00999865 /* Debug */,
				BA47ED502F31E1FD00999865 /* Release */,
			);
			defaultConfigurationIsVisible = 0;
			defaultConfigurationName = Release;
		};
		BA47ED512F31E1FD00999865 /* Build configuration list for PBXNativeTarget "HabitTracker" */ = {
			isa = XCConfigurationList;
			buildConfigurations = (
				BA47ED522F31E1FD00999865 /* Debug */,
				BA47ED532F31E1FD00999865 /* Release */,
			);
			defaultConfigurationIsVisible = 0;
			defaultConfigurationName = Release;
		};
		BA47ED542F31E1FD00999865 /* Build configuration list for PBXNativeTarget "HabitTrackerTests" */ = {
			isa = XCConfigurationList;
			buildConfigurations = (
				BA47ED552F31E1FD00999865 /* Debug */,
				BA47ED562F31E1FD00999865 /* Release */,
			);
			defaultConfigurationIsVisible = 0;
			defaultConfigurationName = Release;
		};
		BA47ED572F31E1FD00999865 /* Build configuration list for PBXNativeTarget "HabitTrackerUITests" */ = {
			isa = XCConfigurationList;
			buildConfigurations = (
				BA47ED582F31E1FD00999865 /* Debug */,
				BA47ED592F31E1FD00999865 /* Release */,
			);
			defaultConfigurationIsVisible = 0;
			defaultConfigurationName = Release;
		};
/* End XCConfigurationList section */
	};
	rootObject = BA47ED232F31E1FC00999865 /* Project object */;
}
